
Microsoft Visual Studio Solution File, Format Version 12.00
# Visual Studio Version 16
VisualStudioVersion = 16.0.33214.272
MinimumVisualStudioVersion = 10.0.40219.1
Project("{FAE04EC0-301F-11D3-BF4B-00C04F79EFBC}") = "ConsoleUI", "ConsoleUI\ConsoleUI.csproj", "{8C139427-F639-4455-947D-6681673435AF}"
EndProject
Global
	GlobalSection(SolutionConfigurationPlatforms) = preSolution
		Debug|Any CPU = Debug|Any CPU
		Release|Any CPU = Release|Any CPU
	EndGlobalSection
	GlobalSection(ProjectConfigurationPlatforms) = postSolution
		{8C139427-F639-4455-947D-6681673435AF}.Debug|Any CPU.ActiveCfg = Debug|Any CPU
		{8C139427-F639-4455-947D-6681673435AF}.Debug|Any CPU.Build.0 = Debug|Any CPU
		{8C139427-F639-4455-947D-6681673435AF}.Release|Any CPU.ActiveCfg = Release|Any CPU
		{8C139427-F639-4455-947D-6681673435AF}.Release|Any CPU.Build.0 = Release|Any CPU
	EndGlobalSection
	GlobalSection(SolutionProperties) = preSolution
		HideSolutionNode = FALSE
	EndGlobalSection
	GlobalSection(ExtensibilityGlobals) = postSolution
		SolutionGuid = {1CCD68CD-0648-4F93-9E4D-A5079C53A252}
	EndGlobalSection
EndGlobal
